
Microsoft Visual Studio Solution File, Format Version 12.00
# Visual Studio Version 17
VisualStudioVersion = 17.5.002.0
MinimumVisualStudioVersion = 10.0.40219.1
Project("{9A19103F-16F7-4668-BE54-9A1E7A4F7556}") = "LinkUpAPI", "LinkUpAPI\LinkUpAPI.csproj", "{B1CC792A-AE9A-4319-8F5B-E0F16E74AF2B}"
EndProject
Global
	GlobalSection(SolutionConfigurationPlatforms) = preSolution
		Debug|Any CPU = Debug|Any CPU
		Release|Any CPU = Release|Any CPU
	EndGlobalSection
	GlobalSection(ProjectConfigurationPlatforms) = postSolution
		{B1CC792A-AE9A-4319-8F5B-E0F16E74AF2B}.Debug|Any CPU.ActiveCfg = Debug|Any CPU
		{B1CC792A-AE9A-4319-8F5B-E0F16E74AF2B}.Debug|Any CPU.Build.0 = Debug|Any CPU
		{B1CC792A-AE9A-4319-8F5B-E0F16E74AF2B}.Release|Any CPU.ActiveCfg = Release|Any CPU
		{B1CC792A-AE9A-4319-8F5B-E0F16E74AF2B}.Release|Any CPU.Build.0 = Release|Any CPU
	EndGlobalSection
	GlobalSection(SolutionProperties) = preSolution
		HideSolutionNode = FALSE
	EndGlobalSection
	GlobalSection(ExtensibilityGlobals) = postSolution
		SolutionGuid = {BDA812BF-B152-4D0C-8598-993563C00208}
	EndGlobalSection
EndGlobal
